Microsoft Visual Studio Solution File, Format Version 12.00
# Visual Studio Version 17
VisualStudioVersion = 17.5.2.0
MinimumVisualStudioVersion = 10.0.40219.1
Project("{FAE04EC0-301F-11D3-BF4B-00C04F79EFBC}") = "Lista05", "Lista05.csproj", "{B8ED98F8-D026-D30D-45BB-1D07FE4E75D4}"
EndProject
Global
	GlobalSection(SolutionConfigurationPlatforms) = preSolution
		Debug|Any CPU = Debug|Any CPU
		Release|Any CPU = Release|Any CPU
	EndGlobalSection
	GlobalSection(ProjectConfigurationPlatforms) = postSolution
		{B8ED98F8-D026-D30D-45BB-1D07FE4E75D4}.Debug|Any CPU.ActiveCfg = Debug|Any CPU
		{B8ED98F8-D026-D30D-45BB-1D07FE4E75D4}.Debug|Any CPU.Build.0 = Debug|Any CPU
		{B8ED98F8-D026-D30D-45BB-1D07FE4E75D4}.Release|Any CPU.ActiveCfg = Release|Any CPU
		{B8ED98F8-D026-D30D-45BB-1D07FE4E75D4}.Release|Any CPU.Build.0 = Release|Any CPU
	EndGlobalSection
	GlobalSection(SolutionProperties) = preSolution
		HideSolutionNode = FALSE
	EndGlobalSection
	GlobalSection(ExtensibilityGlobals) = postSolution
		SolutionGuid = {733904DF-AEE1-44C2-9890-F2CA120C43D7}
	EndGlobalSection
EndGlobal
